// !$*UTF8*$!
{
	archiveVersion = 1;
	classes = {
	};
	objectVersion = 46;
	objects = {

/* Begin PBXFileReference section */
		2D5B7AF713F0BB0C00F57CF8 /* test1.py */ = {isa = PBXFileReference; lastKnownFileType = text.script.python; name = test1.py; path = ../../tests/test1.py; sourceTree = "<group>"; };
		2D5B7AF813F0BDCF00F57CF8 /* entry.py */ = {isa = PBXFileReference; lastKnownFileType = text.script.python; name = entry.py; path = ../../src/entry.py; sourceTree = "<group>"; };
/* End PBXFileReference section */

/* Begin PBXGroup section */
		2D5B7AEC13F0B89100F57CF8 = {
			isa = PBXGroup;
			children = (
				2D5B7AF513F0B89700F57CF8 /* Compiler */,
				2D5B7AF613F0B8A300F57CF8 /* Tests */,
			);
			sourceTree = "<group>";
		};
		2D5B7AF513F0B89700F57CF8 /* Compiler */ = {
			isa = PBXGroup;
			children = (
				2D5B7AF913F0BDD700F57CF8 /* gc */,
				2D5B7AF813F0BDCF00F57CF8 /* entry.py */,
			);
			name = Compiler;
			sourceTree = "<group>";
		};
		2D5B7AF613F0B8A300F57CF8 /* Tests */ = {
			isa = PBXGroup;
			children = (
				2D5B7AF713F0BB0C00F57CF8 /* test1.py */,
			);
			name = Tests;
			sourceTree = "<group>";
		};
		2D5B7AF913F0BDD700F57CF8 /* gc */ = {
			isa = PBXGroup;
			children = (
			);
			name = gc;
			sourceTree = "<group>";
		};
/* End PBXGroup section */

/* Begin PBXProject section */
		2D5B7AEE13F0B89100F57CF8 /* Project object */ = {
			isa = PBXProject;
			buildConfigurationList = 2D5B7AF113F0B89100F57CF8 /* Build configuration list for PBXProject "Apodora" */;
			compatibilityVersion = "Xcode 3.2";
			developmentRegion = English;
			hasScannedForEncodings = 0;
			knownRegions = (
				en,
			);
			mainGroup = 2D5B7AEC13F0B89100F57CF8;
			projectDirPath = "";
			projectRoot = "";
			targets = (
			);
		};
/* End PBXProject section */

/* Begin XCBuildConfiguration section */
		2D5B7AF313F0B89100F57CF8 /* Debug */ = {
			isa = XCBuildConfiguration;
			buildSettings = {
			};
			name = Debug;
		};
		2D5B7AF413F0B89100F57CF8 /* Release */ = {
			isa = XCBuildConfiguration;
			buildSettings = {
			};
			name = Release;
		};
/* End XCBuildConfiguration section */

/* Begin XCConfigurationList section */
		2D5B7AF113F0B89100F57CF8 /* Build configuration list for PBXProject "Apodora" */ = {
			isa = XCConfigurationList;
			buildConfigurations = (
				2D5B7AF313F0B89100F57CF8 /* Debug */,
				2D5B7AF413F0B89100F57CF8 /* Release */,
			);
			defaultConfigurationIsVisible = 0;
			defaultConfigurationName = Release;
		};
/* End XCConfigurationList section */
	};
	rootObject = 2D5B7AEE13F0B89100F57CF8 /* Project object */;
}
